Microsoft Visual Studio Solution File, Format Version 12.00
# Visual Studio Version 17
VisualStudioVersion = 17.5.2.0
MinimumVisualStudioVersion = 10.0.40219.1
Project("{FAE04EC0-301F-11D3-BF4B-00C04F79EFBC}") = "dsr-web-api", "dsr-web-api.csproj", "{BAD95E74-2986-2618-E503-A0BEC653F7CB}"
EndProject
Global
	GlobalSection(SolutionConfigurationPlatforms) = preSolution
		Debug|Any CPU = Debug|Any CPU
		Release|Any CPU = Release|Any CPU
	EndGlobalSection
	GlobalSection(ProjectConfigurationPlatforms) = postSolution
		{BAD95E74-2986-2618-E503-A0BEC653F7CB}.Debug|Any CPU.ActiveCfg = Debug|Any CPU
		{BAD95E74-2986-2618-E503-A0BEC653F7CB}.Debug|Any CPU.Build.0 = Debug|Any CPU
		{BAD95E74-2986-2618-E503-A0BEC653F7CB}.Release|Any CPU.ActiveCfg = Release|Any CPU
		{BAD95E74-2986-2618-E503-A0BEC653F7CB}.Release|Any CPU.Build.0 = Release|Any CPU
	EndGlobalSection
	GlobalSection(SolutionProperties) = preSolution
		HideSolutionNode = FALSE
	EndGlobalSection
	GlobalSection(ExtensibilityGlobals) = postSolution
		SolutionGuid = {708871ED-7BDD-41CC-8BD7-D64F000AEB66}
	EndGlobalSection
EndGlobal
